// !$*UTF8*$!
{
	archiveVersion = 1;
	classes = {
	};
	objectVersion = 52;
	objects = {

/* Begin PBXBuildFile section */
		506C782026CAA82500CC3C43 /* Dog in Frameworks */ = {isa = PBXBuildFile; productRef = 506C781F26CAA82500CC3C43 /* Dog */; };
		506C782226CAA98B00CC3C43 /* LogView.swift in Sources */ = {isa = PBXBuildFile; fileRef = 506C782126CAA98B00CC3C43 /* LogView.swift */; };
		50AAC9C526CAA0A5008097C5 /* ZipArchive in Frameworks */ = {isa = PBXBuildFile; productRef = 50AAC9C426CAA0A5008097C5 /* ZipArchive */; };
		50FCDB1726CA7F34000E4CFB /* DecrypterApp.swift in Sources */ = {isa = PBXBuildFile; fileRef = 50FCDB1626CA7F34000E4CFB /* DecrypterApp.swift */; };
		50FCDB1926CA7F34000E4CFB /* ContentView.swift in Sources */ = {isa = PBXBuildFile; fileRef = 50FCDB1826CA7F34000E4CFB /* ContentView.swift */; };
		50FCDB1B26CA7F35000E4CFB /* Assets.xcassets in Resources */ = {isa = PBXBuildFile; fileRef = 50FCDB1A26CA7F35000E4CFB /* Assets.xcassets */; };
		50FCDB1E26CA7F35000E4CFB /* Preview Assets.xcassets in Resources */ = {isa = PBXBuildFile; fileRef = 50FCDB1D26CA7F35000E4CFB /* Preview Assets.xcassets */; };
		50FCDB2826CA7FD1000E4CFB /* Dumper.swift in Sources */ = {isa = PBXBuildFile; fileRef = 50FCDB2626CA7FD1000E4CFB /* Dumper.swift */; };
		50FCDB2926CA7FD1000E4CFB /* Scaner.swift in Sources */ = {isa = PBXBuildFile; fileRef = 50FCDB2726CA7FD1000E4CFB /* Scaner.swift */; };
		50FCDB2B26CA86D2000E4CFB /* DecryptView.swift in Sources */ = {isa = PBXBuildFile; fileRef = 50FCDB2A26CA86D2000E4CFB /* DecryptView.swift */; };
		50FCDB2D26CA880F000E4CFB /* Agent.swift in Sources */ = {isa = PBXBuildFile; fileRef = 50FCDB2C26CA880F000E4CFB /* Agent.swift */; };
/* End PBXBuildFile section */

/* Begin PBXFileReference section */
		506C782126CAA98B00CC3C43 /* LogView.swift */ = {isa = PBXFileReference; lastKnownFileType = sourcecode.swift; path = LogView.swift; sourceTree = "<group>"; };
		50FCDB1326CA7F34000E4CFB /* Decrypter.app */ = {isa = PBXFileReference; explicitFileType = wrapper.application; includeInIndex = 0; path = Decrypter.app; sourceTree = BUILT_PRODUCTS_DIR; };
		50FCDB1626CA7F34000E4CFB /* DecrypterApp.swift */ = {isa = PBXFileReference; lastKnownFileType = sourcecode.swift; path = DecrypterApp.swift; sourceTree = "<group>"; };
		50FCDB1826CA7F34000E4CFB /* ContentView.swift */ = {isa = PBXFileReference; lastKnownFileType = sourcecode.swift; path = ContentView.swift; sourceTree = "<group>"; };
		50FCDB1A26CA7F35000E4CFB /* Assets.xcassets */ = {isa = PBXFileReference; lastKnownFileType = folder.assetcatalog; path = Assets.xcassets; sourceTree = "<group>"; };
		50FCDB1D26CA7F35000E4CFB /* Preview Assets.xcassets */ = {isa = PBXFileReference; lastKnownFileType = folder.assetcatalog; path = "Preview Assets.xcassets"; sourceTree = "<group>"; };
		50FCDB1F26CA7F35000E4CFB /* Info.plist */ = {isa = PBXFileReference; lastKnownFileType = text.plist.xml; path = Info.plist; sourceTree = "<group>"; };
		50FCDB2026CA7F35000E4CFB /* Decrypter.entitlements */ = {isa = PBXFileReference; lastKnownFileType = text.plist.entitlements; path = Decrypter.entitlements; sourceTree = "<group>"; };
		50FCDB2626CA7FD1000E4CFB /* Dumper.swift */ = {isa = PBXFileReference; fileEncoding = 4; lastKnownFileType = sourcecode.swift; path = Dumper.swift; sourceTree = "<group>"; };
		50FCDB2726CA7FD1000E4CFB /* Scaner.swift */ = {isa = PBXFileReference; fileEncoding = 4; lastKnownFileType = sourcecode.swift; path = Scaner.swift; sourceTree = "<group>"; };
		50FCDB2A26CA86D2000E4CFB /* DecryptView.swift */ = {isa = PBXFileReference; lastKnownFileType = sourcecode.swift; path = DecryptView.swift; sourceTree = "<group>"; };
		50FCDB2C26CA880F000E4CFB /* Agent.swift */ = {isa = PBXFileReference; lastKnownFileType = sourcecode.swift; path = Agent.swift; sourceTree = "<group>"; };
/* End PBXFileReference section */

/* Begin PBXFrameworksBuildPhase section */
		50FCDB1026CA7F34000E4CFB /* Frameworks */ = {
			isa = PBXFrameworksBuildPhase;
			buildActionMask = 2147483647;
			files = (
				50AAC9C526CAA0A5008097C5 /* ZipArchive in Frameworks */,
				506C782026CAA82500CC3C43 /* Dog in Frameworks */,
			);
			runOnlyForDeploymentPostprocessing = 0;
		};
/* End PBXFrameworksBuildPhase section */

/* Begin PBXGroup section */
		50AAC9C326CAA0A5008097C5 /* Frameworks */ = {
			isa = PBXGroup;
			children = (
			);
			name = Frameworks;
			sourceTree = "<group>";
		};
		50FCDB0A26CA7F34000E4CFB = {
			isa = PBXGroup;
			children = (
				50FCDB1526CA7F34000E4CFB /* Decrypter */,
				50FCDB1426CA7F34000E4CFB /* Products */,
				50AAC9C326CAA0A5008097C5 /* Frameworks */,
			);
			sourceTree = "<group>";
		};
		50FCDB1426CA7F34000E4CFB /* Products */ = {
			isa = PBXGroup;
			children = (
				50FCDB1326CA7F34000E4CFB /* Decrypter.app */,
			);
			name = Products;
			sourceTree = "<group>";
		};
		50FCDB1526CA7F34000E4CFB /* Decrypter */ = {
			isa = PBXGroup;
			children = (
				50FCDB2E26CA9AAB000E4CFB /* View */,
				50FCDB2F26CA9AB1000E4CFB /* Backend */,
				50FCDB1A26CA7F35000E4CFB /* Assets.xcassets */,
				50FCDB1F26CA7F35000E4CFB /* Info.plist */,
				50FCDB2026CA7F35000E4CFB /* Decrypter.entitlements */,
				50FCDB1C26CA7F35000E4CFB /* Preview Content */,
			);
			path = Decrypter;
			sourceTree = "<group>";
		};
		50FCDB1C26CA7F35000E4CFB /* Preview Content */ = {
			isa = PBXGroup;
			children = (
				50FCDB1D26CA7F35000E4CFB /* Preview Assets.xcassets */,
			);
			path = "Preview Content";
			sourceTree = "<group>";
		};
		50FCDB2E26CA9AAB000E4CFB /* View */ = {
			isa = PBXGroup;
			children = (
				50FCDB1626CA7F34000E4CFB /* DecrypterApp.swift */,
				506C782126CAA98B00CC3C43 /* LogView.swift */,
				50FCDB1826CA7F34000E4CFB /* ContentView.swift */,
				50FCDB2A26CA86D2000E4CFB /* DecryptView.swift */,
			);
			path = View;
			sourceTree = "<group>";
		};
		50FCDB2F26CA9AB1000E4CFB /* Backend */ = {
			isa = PBXGroup;
			children = (
				50FCDB2C26CA880F000E4CFB /* Agent.swift */,
				50FCDB2626CA7FD1000E4CFB /* Dumper.swift */,
				50FCDB2726CA7FD1000E4CFB /* Scaner.swift */,
			);
			path = Backend;
			sourceTree = "<group>";
		};
/* End PBXGroup section */

/* Begin PBXNativeTarget section */
		50FCDB1226CA7F34000E4CFB /* Decrypter */ = {
			isa = PBXNativeTarget;
			buildConfigurationList = 50FCDB2326CA7F35000E4CFB /* Build configuration list for PBXNativeTarget "Decrypter" */;
			buildPhases = (
				50FCDB0F26CA7F34000E4CFB /* Sources */,
				50FCDB1026CA7F34000E4CFB /* Frameworks */,
				50FCDB1126CA7F34000E4CFB /* Resources */,
			);
			buildRules = (
			);
			dependencies = (
			);
			name = Decrypter;
			packageProductDependencies = (
				50AAC9C426CAA0A5008097C5 /* ZipArchive */,
				506C781F26CAA82500CC3C43 /* Dog */,
			);
			productName = Decrypter;
			productReference = 50FCDB1326CA7F34000E4CFB /* Decrypter.app */;
			productType = "com.apple.product-type.application";
		};
/* End PBXNativeTarget section */

/* Begin PBXProject section */
		50FCDB0B26CA7F34000E4CFB /* Project object */ = {
			isa = PBXProject;
			attributes = {
				LastSwiftUpdateCheck = 1250;
				LastUpgradeCheck = 1250;
				TargetAttributes = {
					50FCDB1226CA7F34000E4CFB = {
						CreatedOnToolsVersion = 12.5.1;
					};
				};
			};
			buildConfigurationList = 50FCDB0E26CA7F34000E4CFB /* Build configuration list for PBXProject "Decrypter" */;
			compatibilityVersion = "Xcode 9.3";
			developmentRegion = en;
			hasScannedForEncodings = 0;
			knownRegions = (
				en,
				Base,
			);
			mainGroup = 50FCDB0A26CA7F34000E4CFB;
			productRefGroup = 50FCDB1426CA7F34000E4CFB /* Products */;
			projectDirPath = "";
			projectRoot = "";
			targets = (
				50FCDB1226CA7F34000E4CFB /* Decrypter */,
			);
		};
/* End PBXProject section */

/* Begin PBXResourcesBuildPhase section */
		50FCDB1126CA7F34000E4CFB /* Resources */ = {
			isa = PBXResourcesBuildPhase;
			buildActionMask = 2147483647;
			files = (
				50FCDB1E26CA7F35000E4CFB /* Preview Assets.xcassets in Resources */,
				50FCDB1B26CA7F35000E4CFB /* Assets.xcassets in Resources */,
			);
			runOnlyForDeploymentPostprocessing = 0;
		};
/* End PBXResourcesBuildPhase section */

/* Begin PBXSourcesBuildPhase section */
		50FCDB0F26CA7F34000E4CFB /* Sources */ = {
			isa = PBXSourcesBuildPhase;
			buildActionMask = 2147483647;
			files = (
				50FCDB1926CA7F34000E4CFB /* ContentView.swift in Sources */,
				50FCDB2B26CA86D2000E4CFB /* DecryptView.swift in Sources */,
				50FCDB1726CA7F34000E4CFB /* DecrypterApp.swift in Sources */,
				50FCDB2D26CA880F000E4CFB /* Agent.swift in Sources */,
				50FCDB2826CA7FD1000E4CFB /* Dumper.swift in Sources */,
				50FCDB2926CA7FD1000E4CFB /* Scaner.swift in Sources */,
				506C782226CAA98B00CC3C43 /* LogView.swift in Sources */,
			);
			runOnlyForDeploymentPostprocessing = 0;
		};
/* End PBXSourcesBuildPhase section */

/* Begin XCBuildConfiguration section */
		50FCDB2126CA7F35000E4CFB /* Debug */ = {
			isa = XCBuildConfiguration;
			buildSettings = {
				ALWAYS_SEARCH_USER_PATHS = NO;
				CLANG_ANALYZER_NONNULL = YES;
				CLANG_ANALYZER_NUMBER_OBJECT_CONVERSION = YES_AGGRESSIVE;
				CLANG_CXX_LANGUAGE_STANDARD = "gnu++14";
				CLANG_CXX_LIBRARY = "libc++";
				CLANG_ENABLE_MODULES = YES;
				CLANG_ENABLE_OBJC_ARC = YES;
				CLANG_ENABLE_OBJC_WEAK = YES;
				CLANG_WARN_BLOCK_CAPTURE_AUTORELEASING = YES;
				CLANG_WARN_BOOL_CONVERSION = YES;
				CLANG_WARN_COMMA = YES;
				CLANG_WARN_CONSTANT_CONVERSION = YES;
				CLANG_WARN_DEPRECATED_OBJC_IMPLEMENTATIONS = YES;
				CLANG_WARN_DIRECT_OBJC_ISA_USAGE = YES_ERROR;
				CLANG_WARN_DOCUMENTATION_COMMENTS = YES;
				CLANG_WARN_EMPTY_BODY = YES;
				CLANG_WARN_ENUM_CONVERSION = YES;
				CLANG_WARN_INFINITE_RECURSION = YES;
				CLANG_WARN_INT_CONVERSION = YES;
				CLANG_WARN_NON_LITERAL_NULL_CONVERSION = YES;
				CLANG_WARN_OBJC_IMPLICIT_RETAIN_SELF = YES;
				CLANG_WARN_OBJC_LITERAL_CONVERSION = YES;
				CLANG_WARN_OBJC_ROOT_CLASS = YES_ERROR;
				CLANG_WARN_QUOTED_INCLUDE_IN_FRAMEWORK_HEADER = YES;
				CLANG_WARN_RANGE_LOOP_ANALYSIS = YES;
				CLANG_WARN_STRICT_PROTOTYPES = YES;
				CLANG_WARN_SUSPICIOUS_MOVE = YES;
				CLANG_WARN_UNGUARDED_AVAILABILITY = YES_AGGRESSIVE;
				CLANG_WARN_UNREACHABLE_CODE = YES;
				CLANG_WARN__DUPLICATE_METHOD_MATCH = YES;
				COPY_PHASE_STRIP = NO;
				DEBUG_INFORMATION_FORMAT = dwarf;
				ENABLE_STRICT_OBJC_MSGSEND = YES;
				ENABLE_TESTABILITY = YES;
				GCC_C_LANGUAGE_STANDARD = gnu11;
				GCC_DYNAMIC_NO_PIC = NO;
				GCC_NO_COMMON_BLOCKS = YES;
				GCC_OPTIMIZATION_LEVEL = 0;
				GCC_PREPROCESSOR_DEFINITIONS = (
					"DEBUG=1",
					"$(inherited)",
				);
				GCC_WARN_64_TO_32_BIT_CONVERSION = YES;
				GCC_WARN_ABOUT_RETURN_TYPE = YES_ERROR;
				GCC_WARN_UNDECLARED_SELECTOR = YES;
				GCC_WARN_UNINITIALIZED_AUTOS = YES_AGGRESSIVE;
				GCC_WARN_UNUSED_FUNCTION = YES;
				GCC_WARN_UNUSED_VARIABLE = YES;
				MACOSX_DEPLOYMENT_TARGET = 11.3;
				MTL_ENABLE_DEBUG_INFO = INCLUDE_SOURCE;
				MTL_FAST_MATH = YES;
				ONLY_ACTIVE_ARCH = YES;
				SDKROOT = macosx;
				SWIFT_ACTIVE_COMPILATION_CONDITIONS = DEBUG;
				SWIFT_OPTIMIZATION_LEVEL = "-Onone";
			};
			name = Debug;
		};
		50FCDB2226CA7F35000E4CFB /* Release */ = {
			isa = XCBuildConfiguration;
			buildSettings = {
				ALWAYS_SEARCH_USER_PATHS = NO;
				CLANG_ANALYZER_NONNULL = YES;
				CLANG_ANALYZER_NUMBER_OBJECT_CONVERSION = YES_AGGRESSIVE;
				CLANG_CXX_LANGUAGE_STANDARD = "gnu++14";
				CLANG_CXX_LIBRARY = "libc++";
				CLANG_ENABLE_MODULES = YES;
				CLANG_ENABLE_OBJC_ARC = YES;
				CLANG_ENABLE_OBJC_WEAK = YES;
				CLANG_WARN_BLOCK_CAPTURE_AUTORELEASING = YES;
				CLANG_WARN_BOOL_CONVERSION = YES;
				CLANG_WARN_COMMA = YES;
				CLANG_WARN_CONSTANT_CONVERSION = YES;
				CLANG_WARN_DEPRECATED_OBJC_IMPLEMENTATIONS = YES;
				CLANG_WARN_DIRECT_OBJC_ISA_USAGE = YES_ERROR;
				CLANG_WARN_DOCUMENTATION_COMMENTS = YES;
				CLANG_WARN_EMPTY_BODY = YES;
				CLANG_WARN_ENUM_CONVERSION = YES;
				CLANG_WARN_INFINITE_RECURSION = YES;
				CLANG_WARN_INT_CONVERSION = YES;
				CLANG_WARN_NON_LITERAL_NULL_CONVERSION = YES;
				CLANG_WARN_OBJC_IMPLICIT_RETAIN_SELF = YES;
				CLANG_WARN_OBJC_LITERAL_CONVERSION = YES;
				CLANG_WARN_OBJC_ROOT_CLASS = YES_ERROR;
				CLANG_WARN_QUOTED_INCLUDE_IN_FRAMEWORK_HEADER = YES;
				CLANG_WARN_RANGE_LOOP_ANALYSIS = YES;
				CLANG_WARN_STRICT_PROTOTYPES = YES;
				CLANG_WARN_SUSPICIOUS_MOVE = YES;
				CLANG_WARN_UNGUARDED_AVAILABILITY = YES_AGGRESSIVE;
				CLANG_WARN_UNREACHABLE_CODE = YES;
				CLANG_WARN__DUPLICATE_METHOD_MATCH = YES;
				COPY_PHASE_STRIP = NO;
				DEBUG_INFORMATION_FORMAT = "dwarf-with-dsym";
				ENABLE_NS_ASSERTIONS = NO;
				ENABLE_STRICT_OBJC_MSGSEND = YES;
				GCC_C_LANGUAGE_STANDARD = gnu11;
				GCC_NO_COMMON_BLOCKS = YES;
				GCC_WARN_64_TO_32_BIT_CONVERSION = YES;
				GCC_WARN_ABOUT_RETURN_TYPE = YES_ERROR;
				GCC_WARN_UNDECLARED_SELECTOR = YES;
				GCC_WARN_UNINITIALIZED_AUTOS = YES_AGGRESSIVE;
				GCC_WARN_UNUSED_FUNCTION = YES;
				GCC_WARN_UNUSED_VARIABLE = YES;
				MACOSX_DEPLOYMENT_TARGET = 11.3;
				MTL_ENABLE_DEBUG_INFO = NO;
				MTL_FAST_MATH = YES;
				SDKROOT = macosx;
				SWIFT_COMPILATION_MODE = wholemodule;
				SWIFT_OPTIMIZATION_LEVEL = "-O";
			};
			name = Release;
		};
		50FCDB2426CA7F35000E4CFB /* Debug */ = {
			isa = XCBuildConfiguration;
			buildSettings = {
				ASSETCATALOG_COMPILER_APPICON_NAME = AppIcon;
				ASSETCATALOG_COMPILER_GLOBAL_ACCENT_COLOR_NAME = AccentColor;
				CODE_SIGN_ENTITLEMENTS = Decrypter/Decrypter.entitlements;
				CODE_SIGN_STYLE = Automatic;
				COMBINE_HIDPI_IMAGES = YES;
				DEVELOPMENT_ASSET_PATHS = "\"Decrypter/Preview Content\"";
				ENABLE_PREVIEWS = YES;
				INFOPLIST_FILE = Decrypter/Info.plist;
				LD_RUNPATH_SEARCH_PATHS = (
					"$(inherited)",
					"@executable_path/../Frameworks",
				);
				MACOSX_DEPLOYMENT_TARGET = 11.0;
				PRODUCT_BUNDLE_IDENTIFIER = wiki.qaq.Decrypter;
				PRODUCT_NAME = "$(TARGET_NAME)";
				SWIFT_VERSION = 5.0;
			};
			name = Debug;
		};
		50FCDB2526CA7F35000E4CFB /* Release */ = {
			isa = XCBuildConfiguration;
			buildSettings = {
				ASSETCATALOG_COMPILER_APPICON_NAME = AppIcon;
				ASSETCATALOG_COMPILER_GLOBAL_ACCENT_COLOR_NAME = AccentColor;
				CODE_SIGN_ENTITLEMENTS = Decrypter/Decrypter.entitlements;
				CODE_SIGN_STYLE = Automatic;
				COMBINE_HIDPI_IMAGES = YES;
				DEVELOPMENT_ASSET_PATHS = "\"Decrypter/Preview Content\"";
				ENABLE_PREVIEWS = YES;
				INFOPLIST_FILE = Decrypter/Info.plist;
				LD_RUNPATH_SEARCH_PATHS = (
					"$(inherited)",
					"@executable_path/../Frameworks",
				);
				MACOSX_DEPLOYMENT_TARGET = 11.0;
				PRODUCT_BUNDLE_IDENTIFIER = wiki.qaq.Decrypter;
				PRODUCT_NAME = "$(TARGET_NAME)";
				SWIFT_VERSION = 5.0;
			};
			name = Release;
		};
/* End XCBuildConfiguration section */

/* Begin XCConfigurationList section */
		50FCDB0E26CA7F34000E4CFB /* Build configuration list for PBXProject "Decrypter" */ = {
			isa = XCConfigurationList;
			buildConfigurations = (
				50FCDB2126CA7F35000E4CFB /* Debug */,
				50FCDB2226CA7F35000E4CFB /* Release */,
			);
			defaultConfigurationIsVisible = 0;
			defaultConfigurationName = Release;
		};
		50FCDB2326CA7F35000E4CFB /* Build configuration list for PBXNativeTarget "Decrypter" */ = {
			isa = XCConfigurationList;
			buildConfigurations = (
				50FCDB2426CA7F35000E4CFB /* Debug */,
				50FCDB2526CA7F35000E4CFB /* Release */,
			);
			defaultConfigurationIsVisible = 0;
			defaultConfigurationName = Release;
		};
/* End XCConfigurationList section */

/* Begin XCSwiftPackageProductDependency section */
		506C781F26CAA82500CC3C43 /* Dog */ = {
			isa = XCSwiftPackageProductDependency;
			productName = Dog;
		};
		50AAC9C426CAA0A5008097C5 /* ZipArchive */ = {
			isa = XCSwiftPackageProductDependency;
			productName = ZipArchive;
		};
/* End XCSwiftPackageProductDependency section */
	};
	rootObject = 50FCDB0B26CA7F34000E4CFB /* Project object */;
}
